// !$*UTF8*$!
{
	archiveVersion = 1;
	classes = {
	};
	objectVersion = 56;
	objects = {

/* Begin PBXBuildFile section */
		B52E62ED2C834E0F00AC67AF /* BindingBootcamp.swift in Sources */ = {isa = PBXBuildFile; fileRef = B52E62EC2C834E0F00AC67AF /* BindingBootcamp.swift */; };
		B53D6D5D2C8B55C800910E49 /* BadgesBootcamp.swift in Sources */ = {isa = PBXBuildFile; fileRef = B53D6D5C2C8B55C800910E49 /* BadgesBootcamp.swift */; };
		B53D6D5F2C8B570200910E49 /* FocusStateBootcamp.swift in Sources */ = {isa = PBXBuildFile; fileRef = B53D6D5E2C8B570200910E49 /* FocusStateBootcamp.swift */; };
		B53D6D612C8B5DC800910E49 /* NavigationStackBootcamp.swift in Sources */ = {isa = PBXBuildFile; fileRef = B53D6D602C8B5DC800910E49 /* NavigationStackBootcamp.swift */; };
		B53D6D632C8B632400910E49 /* ToolbarBootcamp.swift in Sources */ = {isa = PBXBuildFile; fileRef = B53D6D622C8B632400910E49 /* ToolbarBootcamp.swift */; };
		B5544CF22C86150500EB975B /* ToggleBootcamp.swift in Sources */ = {isa = PBXBuildFile; fileRef = B5544CF12C86150500EB975B /* ToggleBootcamp.swift */; };
		B5544CF42C86160E00EB975B /* PickerBootcamp.swift in Sources */ = {isa = PBXBuildFile; fileRef = B5544CF32C86160E00EB975B /* PickerBootcamp.swift */; };
		B5580B192C834F4000F72201 /* ConditionalBootcamp.swift in Sources */ = {isa = PBXBuildFile; fileRef = B5580B182C834F4000F72201 /* ConditionalBootcamp.swift */; };
		B55977A82C7CDA6700F97916 /* Initializer.swift in Sources */ = {isa = PBXBuildFile; fileRef = B55977A72C7CDA6700F97916 /* Initializer.swift */; };
		B55977AA2C7CDF8000F97916 /* ForEachBootcamp.swift in Sources */ = {isa = PBXBuildFile; fileRef = B55977A92C7CDF8000F97916 /* ForEachBootcamp.swift */; };
		B55977AC2C7CE44D00F97916 /* Scrollview.swift in Sources */ = {isa = PBXBuildFile; fileRef = B55977AB2C7CE44D00F97916 /* Scrollview.swift */; };
		B55977AE2C7CE93200F97916 /* LazyVGridBootcamp.swift in Sources */ = {isa = PBXBuildFile; fileRef = B55977AD2C7CE93200F97916 /* LazyVGridBootcamp.swift */; };
		B55C86662C86E994005FAD6C /* OnTapGestureBootcamp.swift in Sources */ = {isa = PBXBuildFile; fileRef = B55C86652C86E994005FAD6C /* OnTapGestureBootcamp.swift */; };
		B55C86682C86F076005FAD6C /* ModelBootcamp.swift in Sources */ = {isa = PBXBuildFile; fileRef = B55C86672C86F076005FAD6C /* ModelBootcamp.swift */; };
		B55C866A2C86F563005FAD6C /* ViewModelBootcamp.swift in Sources */ = {isa = PBXBuildFile; fileRef = B55C86692C86F563005FAD6C /* ViewModelBootcamp.swift */; };
		B55C866C2C875F3E005FAD6C /* EnviromentObjectBootcamp.swift in Sources */ = {isa = PBXBuildFile; fileRef = B55C866B2C875F3E005FAD6C /* EnviromentObjectBootcamp.swift */; };
		B56867802C861C7600031046 /* ColorPickerBootcamp.swift in Sources */ = {isa = PBXBuildFile; fileRef = B568677F2C861C7600031046 /* ColorPickerBootcamp.swift */; };
		B56867822C861D8300031046 /* DatePickerBootcamp.swift in Sources */ = {isa = PBXBuildFile; fileRef = B56867812C861D8300031046 /* DatePickerBootcamp.swift */; };
		B56867842C86230500031046 /* StepperBootcamp.swift in Sources */ = {isa = PBXBuildFile; fileRef = B56867832C86230500031046 /* StepperBootcamp.swift */; };
		B56867862C86252C00031046 /* SliderBootcamp.swift in Sources */ = {isa = PBXBuildFile; fileRef = B56867852C86252C00031046 /* SliderBootcamp.swift */; };
		B56867882C862A1900031046 /* TabViewBootcamp.swift in Sources */ = {isa = PBXBuildFile; fileRef = B56867872C862A1900031046 /* TabViewBootcamp.swift */; };
		B56A6FA72C88A4B6008E637D /* AppStorageBootcamp.swift in Sources */ = {isa = PBXBuildFile; fileRef = B56A6FA62C88A4B6008E637D /* AppStorageBootcamp.swift */; };
		B56A6FA92C88ABBA008E637D /* IntroView.swift in Sources */ = {isa = PBXBuildFile; fileRef = B56A6FA82C88ABBA008E637D /* IntroView.swift */; };
		B56A6FAC2C88ADBB008E637D /* OnBoardingView.swift in Sources */ = {isa = PBXBuildFile; fileRef = B56A6FAB2C88ADBB008E637D /* OnBoardingView.swift */; };
		B56EF9E92C7AE93000DF1959 /* SwiftfulThinkingBootcampApp.swift in Sources */ = {isa = PBXBuildFile; fileRef = B56EF9E82C7AE93000DF1959 /* SwiftfulThinkingBootcampApp.swift */; };
		B56EF9EB2C7AE93000DF1959 /* ContentView.swift in Sources */ = {isa = PBXBuildFile; fileRef = B56EF9EA2C7AE93000DF1959 /* ContentView.swift */; };
		B56EF9ED2C7AE93100DF1959 /* Assets.xcassets in Resources */ = {isa = PBXBuildFile; fileRef = B56EF9EC2C7AE93100DF1959 /* Assets.xcassets */; };
		B56EF9F02C7AE93100DF1959 /* Preview Assets.xcassets in Resources */ = {isa = PBXBuildFile; fileRef = B56EF9EF2C7AE93100DF1959 /* Preview Assets.xcassets */; };
		B56EF9F92C7AF3BA00DF1959 /* Shapes.swift in Sources */ = {isa = PBXBuildFile; fileRef = B56EF9F82C7AF3BA00DF1959 /* Shapes.swift */; };
		B56EF9FB2C7AF73600DF1959 /* Colors.swift in Sources */ = {isa = PBXBuildFile; fileRef = B56EF9FA2C7AF73600DF1959 /* Colors.swift */; };
		B56EF9FF2C7AFC2000DF1959 /* Gradients.swift in Sources */ = {isa = PBXBuildFile; fileRef = B56EF9FE2C7AFC2000DF1959 /* Gradients.swift */; };
		B56EFA012C7B018D00DF1959 /* SystemIcons.swift in Sources */ = {isa = PBXBuildFile; fileRef = B56EFA002C7B018D00DF1959 /* SystemIcons.swift */; };
		B56EFA032C7B076C00DF1959 /* Images.swift in Sources */ = {isa = PBXBuildFile; fileRef = B56EFA022C7B076C00DF1959 /* Images.swift */; };
		B56EFA052C7B0CAF00DF1959 /* Frames.swift in Sources */ = {isa = PBXBuildFile; fileRef = B56EFA042C7B0CAF00DF1959 /* Frames.swift */; };
		B56EFA072C7B0FBE00DF1959 /* Backgrounds&Overlays.swift in Sources */ = {isa = PBXBuildFile; fileRef = B56EFA062C7B0FBE00DF1959 /* Backgrounds&Overlays.swift */; };
		B56EFA092C7B1B1200DF1959 /* Stacks.swift in Sources */ = {isa = PBXBuildFile; fileRef = B56EFA082C7B1B1200DF1959 /* Stacks.swift */; };
		B57838EF2C8B74BF00536808 /* ResizableBootcamp.swift in Sources */ = {isa = PBXBuildFile; fileRef = B57838EE2C8B74BF00536808 /* ResizableBootcamp.swift */; };
		B57838F12C8B816000536808 /* GroupBootcamp.swift in Sources */ = {isa = PBXBuildFile; fileRef = B57838F02C8B816000536808 /* GroupBootcamp.swift */; };
		B57838F32C8B85AF00536808 /* MenuBootcamp.swift in Sources */ = {isa = PBXBuildFile; fileRef = B57838F22C8B85AF00536808 /* MenuBootcamp.swift */; };
		B57838F52C8B865400536808 /* NativePopoverBootcamp.swift in Sources */ = {isa = PBXBuildFile; fileRef = B57838F42C8B865400536808 /* NativePopoverBootcamp.swift */; };
		B58EC5062C8A077E00E36644 /* ProfileView.swift in Sources */ = {isa = PBXBuildFile; fileRef = B58EC5052C8A077E00E36644 /* ProfileView.swift */; };
		B58EC50A2C8A131A00E36644 /* AsyncImageBootcamp.swift in Sources */ = {isa = PBXBuildFile; fileRef = B58EC5092C8A131A00E36644 /* AsyncImageBootcamp.swift */; };
		B58EC50C2C8A153300E36644 /* BackgroundMaterialsBootcamp.swift in Sources */ = {isa = PBXBuildFile; fileRef = B58EC50B2C8A153300E36644 /* BackgroundMaterialsBootcamp.swift */; };
		B58EC50E2C8A166800E36644 /* TextSelectionBootcamp.swift in Sources */ = {isa = PBXBuildFile; fileRef = B58EC50D2C8A166800E36644 /* TextSelectionBootcamp.swift */; };
		B59725572C86D855001E83E6 /* DarkModeBootcamp.swift in Sources */ = {isa = PBXBuildFile; fileRef = B59725562C86D855001E83E6 /* DarkModeBootcamp.swift */; };
		B59725592C86DBEE001E83E6 /* DocumentationBootcamp.swift in Sources */ = {isa = PBXBuildFile; fileRef = B59725582C86DBEE001E83E6 /* DocumentationBootcamp.swift */; };
		B597255B2C86E113001E83E6 /* OnAppearBootcamp.swift in Sources */ = {isa = PBXBuildFile; fileRef = B597255A2C86E113001E83E6 /* OnAppearBootcamp.swift */; };
		B597255D2C86E5F3001E83E6 /* IfLetGuardBootcaamp.swift in Sources */ = {isa = PBXBuildFile; fileRef = B597255C2C86E5F3001E83E6 /* IfLetGuardBootcaamp.swift */; };
		B59F16F22C8352B7002BEB6C /* TernaryBootcamp.swift in Sources */ = {isa = PBXBuildFile; fileRef = B59F16F12C8352B7002BEB6C /* TernaryBootcamp.swift */; };
		B59F16F42C835454002BEB6C /* AnimationBootcamp.swift in Sources */ = {isa = PBXBuildFile; fileRef = B59F16F32C835454002BEB6C /* AnimationBootcamp.swift */; };
		B59F16F62C835830002BEB6C /* AnimationTimingBootcamp.swift in Sources */ = {isa = PBXBuildFile; fileRef = B59F16F52C835830002BEB6C /* AnimationTimingBootcamp.swift */; };
		B59F16F82C835D95002BEB6C /* Transition.swift in Sources */ = {isa = PBXBuildFile; fileRef = B59F16F72C835D95002BEB6C /* Transition.swift */; };
		B59F16FA2C8363F5002BEB6C /* SheetsBootcamp.swift in Sources */ = {isa = PBXBuildFile; fileRef = B59F16F92C8363F5002BEB6C /* SheetsBootcamp.swift */; };
		B59F16FC2C83681F002BEB6C /* PopoverBootcamp.swift in Sources */ = {isa = PBXBuildFile; fileRef = B59F16FB2C83681F002BEB6C /* PopoverBootcamp.swift */; };
		B59F16FE2C8379B2002BEB6C /* NavigationViewBootcamp.swift in Sources */ = {isa = PBXBuildFile; fileRef = B59F16FD2C8379B2002BEB6C /* NavigationViewBootcamp.swift */; };
		B59F17002C837DFB002BEB6C /* ListBootcamp.swift in Sources */ = {isa = PBXBuildFile; fileRef = B59F16FF2C837DFB002BEB6C /* ListBootcamp.swift */; };
		B59F17022C838B43002BEB6C /* AlertBootcamp.swift in Sources */ = {isa = PBXBuildFile; fileRef = B59F17012C838B43002BEB6C /* AlertBootcamp.swift */; };
		B59F17042C838FB2002BEB6C /* ActionSheetsBootcamp.swift in Sources */ = {isa = PBXBuildFile; fileRef = B59F17032C838FB2002BEB6C /* ActionSheetsBootcamp.swift */; };
		B59F17062C8395C5002BEB6C /* ContextMenuBootcamp.swift in Sources */ = {isa = PBXBuildFile; fileRef = B59F17052C8395C5002BEB6C /* ContextMenuBootcamp.swift */; };
		B5E179DC2C7E0C2E00DED820 /* SafeAreaBootcamp.swift in Sources */ = {isa = PBXBuildFile; fileRef = B5E179DB2C7E0C2E00DED820 /* SafeAreaBootcamp.swift */; };
		B5E179DE2C7E1F9E00DED820 /* ButtonBootcamp.swift in Sources */ = {isa = PBXBuildFile; fileRef = B5E179DD2C7E1F9E00DED820 /* ButtonBootcamp.swift */; };
		B5E179E02C7E240600DED820 /* StateBootcamp.swift in Sources */ = {isa = PBXBuildFile; fileRef = B5E179DF2C7E240600DED820 /* StateBootcamp.swift */; };
		B5E179E22C7E28DE00DED820 /* ExtractedFunctionsBootcamp.swift in Sources */ = {isa = PBXBuildFile; fileRef = B5E179E12C7E28DE00DED820 /* ExtractedFunctionsBootcamp.swift */; };
		B5E179E42C7E2E5100DED820 /* ExtractSubviewsBootcamp.swift in Sources */ = {isa = PBXBuildFile; fileRef = B5E179E32C7E2E5100DED820 /* ExtractSubviewsBootcamp.swift */; };
		B5E1AA9E2C8C1206000F3199 /* AnyLayoutBootcamp.swift in Sources */ = {isa = PBXBuildFile; fileRef = B5E1AA9D2C8C1206000F3199 /* AnyLayoutBootcamp.swift */; };
		B5E1AAA02C8C14A2000F3199 /* ViewThatFitsBootcamp.swift in Sources */ = {isa = PBXBuildFile; fileRef = B5E1AA9F2C8C14A2000F3199 /* ViewThatFitsBootcamp.swift */; };
		B5E1AAA22C8C186C000F3199 /* NavigationSplitViewBootcamp.swift in Sources */ = {isa = PBXBuildFile; fileRef = B5E1AAA12C8C186C000F3199 /* NavigationSplitViewBootcamp.swift */; };
		B5E1AAA42C8C700D000F3199 /* GridBootcamp.swift in Sources */ = {isa = PBXBuildFile; fileRef = B5E1AAA32C8C700D000F3199 /* GridBootcamp.swift */; };
		B5E1AAA62C8C7DA7000F3199 /* ContentUnavailableViewBootcamp.swift in Sources */ = {isa = PBXBuildFile; fileRef = B5E1AAA52C8C7DA7000F3199 /* ContentUnavailableViewBootcamp.swift */; };
		B5E1AAA82C8C8303000F3199 /* ControlGroupBootcamp.swift in Sources */ = {isa = PBXBuildFile; fileRef = B5E1AAA72C8C8303000F3199 /* ControlGroupBootcamp.swift */; };
		B5E1AAAA2C8C873A000F3199 /* ObservableBootcamp.swift in Sources */ = {isa = PBXBuildFile; fileRef = B5E1AAA92C8C873A000F3199 /* ObservableBootcamp.swift */; };
		B5E1B3512C7B99E300F5F485 /* PaddingsAndSpacer.swift in Sources */ = {isa = PBXBuildFile; fileRef = B5E1B3502C7B99E300F5F485 /* PaddingsAndSpacer.swift */; };
		B5E1B3562C7B9EDB00F5F485 /* SpacerBootcamp.swift in Sources */ = {isa = PBXBuildFile; fileRef = B5E1B3552C7B9EDB00F5F485 /* SpacerBootcamp.swift */; };
		B5F4546F2C8608CF001072A9 /* TextFiledBootcamp.swift in Sources */ = {isa = PBXBuildFile; fileRef = B5F4546E2C8608CF001072A9 /* TextFiledBootcamp.swift */; };
		B5F454712C860CDE001072A9 /* TextEditorBootcamp.swift in Sources */ = {isa = PBXBuildFile; fileRef = B5F454702C860CDE001072A9 /* TextEditorBootcamp.swift */; };
/* End PBXBuildFile section */

/* Begin PBXFileReference section */
		B52E62EC2C834E0F00AC67AF /* BindingBootcamp.swift */ = {isa = PBXFileReference; lastKnownFileType = sourcecode.swift; path = BindingBootcamp.swift; sourceTree = "<group>"; };
		B53D6D5C2C8B55C800910E49 /* BadgesBootcamp.swift */ = {isa = PBXFileReference; lastKnownFileType = sourcecode.swift; path = BadgesBootcamp.swift; sourceTree = "<group>"; };
		B53D6D5E2C8B570200910E49 /* FocusStateBootcamp.swift */ = {isa = PBXFileReference; lastKnownFileType = sourcecode.swift; path = FocusStateBootcamp.swift; sourceTree = "<group>"; };
		B53D6D602C8B5DC800910E49 /* NavigationStackBootcamp.swift */ = {isa = PBXFileReference; lastKnownFileType = sourcecode.swift; path = NavigationStackBootcamp.swift; sourceTree = "<group>"; };
		B53D6D622C8B632400910E49 /* ToolbarBootcamp.swift */ = {isa = PBXFileReference; lastKnownFileType = sourcecode.swift; path = ToolbarBootcamp.swift; sourceTree = "<group>"; };
		B5544CF12C86150500EB975B /* ToggleBootcamp.swift */ = {isa = PBXFileReference; lastKnownFileType = sourcecode.swift; path = ToggleBootcamp.swift; sourceTree = "<group>"; };
		B5544CF32C86160E00EB975B /* PickerBootcamp.swift */ = {isa = PBXFileReference; lastKnownFileType = sourcecode.swift; path = PickerBootcamp.swift; sourceTree = "<group>"; };
		B5580B182C834F4000F72201 /* ConditionalBootcamp.swift */ = {isa = PBXFileReference; lastKnownFileType = sourcecode.swift; path = ConditionalBootcamp.swift; sourceTree = "<group>"; };
		B55977A72C7CDA6700F97916 /* Initializer.swift */ = {isa = PBXFileReference; lastKnownFileType = sourcecode.swift; path = Initializer.swift; sourceTree = "<group>"; };
		B55977A92C7CDF8000F97916 /* ForEachBootcamp.swift */ = {isa = PBXFileReference; lastKnownFileType = sourcecode.swift; path = ForEachBootcamp.swift; sourceTree = "<group>"; };
		B55977AB2C7CE44D00F97916 /* Scrollview.swift */ = {isa = PBXFileReference; lastKnownFileType = sourcecode.swift; path = Scrollview.swift; sourceTree = "<group>"; };
		B55977AD2C7CE93200F97916 /* LazyVGridBootcamp.swift */ = {isa = PBXFileReference; lastKnownFileType = sourcecode.swift; path = LazyVGridBootcamp.swift; sourceTree = "<group>"; };
		B55C86652C86E994005FAD6C /* OnTapGestureBootcamp.swift */ = {isa = PBXFileReference; lastKnownFileType = sourcecode.swift; path = OnTapGestureBootcamp.swift; sourceTree = "<group>"; };
		B55C86672C86F076005FAD6C /* ModelBootcamp.swift */ = {isa = PBXFileReference; lastKnownFileType = sourcecode.swift; path = ModelBootcamp.swift; sourceTree = "<group>"; };
		B55C86692C86F563005FAD6C /* ViewModelBootcamp.swift */ = {isa = PBXFileReference; lastKnownFileType = sourcecode.swift; path = ViewModelBootcamp.swift; sourceTree = "<group>"; };
		B55C866B2C875F3E005FAD6C /* EnviromentObjectBootcamp.swift */ = {isa = PBXFileReference; lastKnownFileType = sourcecode.swift; path = EnviromentObjectBootcamp.swift; sourceTree = "<group>"; };
		B568677F2C861C7600031046 /* ColorPickerBootcamp.swift */ = {isa = PBXFileReference; lastKnownFileType = sourcecode.swift; path = ColorPickerBootcamp.swift; sourceTree = "<group>"; };
		B56867812C861D8300031046 /* DatePickerBootcamp.swift */ = {isa = PBXFileReference; lastKnownFileType = sourcecode.swift; path = DatePickerBootcamp.swift; sourceTree = "<group>"; };
		B56867832C86230500031046 /* StepperBootcamp.swift */ = {isa = PBXFileReference; lastKnownFileType = sourcecode.swift; path = StepperBootcamp.swift; sourceTree = "<group>"; };
		B56867852C86252C00031046 /* SliderBootcamp.swift */ = {isa = PBXFileReference; lastKnownFileType = sourcecode.swift; path = SliderBootcamp.swift; sourceTree = "<group>"; };
		B56867872C862A1900031046 /* TabViewBootcamp.swift */ = {isa = PBXFileReference; lastKnownFileType = sourcecode.swift; path = TabViewBootcamp.swift; sourceTree = "<group>"; };
		B56A6FA62C88A4B6008E637D /* AppStorageBootcamp.swift */ = {isa = PBXFileReference; lastKnownFileType = sourcecode.swift; path = AppStorageBootcamp.swift; sourceTree = "<group>"; };
		B56A6FA82C88ABBA008E637D /* IntroView.swift */ = {isa = PBXFileReference; lastKnownFileType = sourcecode.swift; path = IntroView.swift; sourceTree = "<group>"; };
		B56A6FAB2C88ADBB008E637D /* OnBoardingView.swift */ = {isa = PBXFileReference; lastKnownFileType = sourcecode.swift; path = OnBoardingView.swift; sourceTree = "<group>"; };
		B56EF9E52C7AE93000DF1959 /* SwiftfulThinkingBootcamp.app */ = {isa = PBXFileReference; explicitFileType = wrapper.application; includeInIndex = 0; path = SwiftfulThinkingBootcamp.app; sourceTree = BUILT_PRODUCTS_DIR; };
		B56EF9E82C7AE93000DF1959 /* SwiftfulThinkingBootcampApp.swift */ = {isa = PBXFileReference; lastKnownFileType = sourcecode.swift; path = SwiftfulThinkingBootcampApp.swift; sourceTree = "<group>"; };
		B56EF9EA2C7AE93000DF1959 /* ContentView.swift */ = {isa = PBXFileReference; lastKnownFileType = sourcecode.swift; path = ContentView.swift; sourceTree = "<group>"; };
		B56EF9EC2C7AE93100DF1959 /* Assets.xcassets */ = {isa = PBXFileReference; lastKnownFileType = folder.assetcatalog; path = Assets.xcassets; sourceTree = "<group>"; };
		B56EF9EF2C7AE93100DF1959 /* Preview Assets.xcassets */ = {isa = PBXFileReference; lastKnownFileType = folder.assetcatalog; path = "Preview Assets.xcassets"; sourceTree = "<group>"; };
		B56EF9F82C7AF3BA00DF1959 /* Shapes.swift */ = {isa = PBXFileReference; lastKnownFileType = sourcecode.swift; path = Shapes.swift; sourceTree = "<group>"; };
		B56EF9FA2C7AF73600DF1959 /* Colors.swift */ = {isa = PBXFileReference; lastKnownFileType = sourcecode.swift; path = Colors.swift; sourceTree = "<group>"; };
		B56EF9FE2C7AFC2000DF1959 /* Gradients.swift */ = {isa = PBXFileReference; lastKnownFileType = sourcecode.swift; path = Gradients.swift; sourceTree = "<group>"; };
		B56EFA002C7B018D00DF1959 /* SystemIcons.swift */ = {isa = PBXFileReference; lastKnownFileType = sourcecode.swift; path = SystemIcons.swift; sourceTree = "<group>"; };
		B56EFA022C7B076C00DF1959 /* Images.swift */ = {isa = PBXFileReference; lastKnownFileType = sourcecode.swift; path = Images.swift; sourceTree = "<group>"; };
		B56EFA042C7B0CAF00DF1959 /* Frames.swift */ = {isa = PBXFileReference; lastKnownFileType = sourcecode.swift; path = Frames.swift; sourceTree = "<group>"; };
		B56EFA062C7B0FBE00DF1959 /* Backgrounds&Overlays.swift */ = {isa = PBXFileReference; lastKnownFileType = sourcecode.swift; path = "Backgrounds&Overlays.swift"; sourceTree = "<group>"; };
		B56EFA082C7B1B1200DF1959 /* Stacks.swift */ = {isa = PBXFileReference; lastKnownFileType = sourcecode.swift; path = Stacks.swift; sourceTree = "<group>"; };
		B57838EE2C8B74BF00536808 /* ResizableBootcamp.swift */ = {isa = PBXFileReference; lastKnownFileType = sourcecode.swift; path = ResizableBootcamp.swift; sourceTree = "<group>"; };
		B57838F02C8B816000536808 /* GroupBootcamp.swift */ = {isa = PBXFileReference; lastKnownFileType = sourcecode.swift; path = GroupBootcamp.swift; sourceTree = "<group>"; };
		B57838F22C8B85AF00536808 /* MenuBootcamp.swift */ = {isa = PBXFileReference; lastKnownFileType = sourcecode.swift; path = MenuBootcamp.swift; sourceTree = "<group>"; };
		B57838F42C8B865400536808 /* NativePopoverBootcamp.swift */ = {isa = PBXFileReference; lastKnownFileType = sourcecode.swift; path = NativePopoverBootcamp.swift; sourceTree = "<group>"; };
		B58EC5052C8A077E00E36644 /* ProfileView.swift */ = {isa = PBXFileReference; lastKnownFileType = sourcecode.swift; path = ProfileView.swift; sourceTree = "<group>"; };
		B58EC5092C8A131A00E36644 /* AsyncImageBootcamp.swift */ = {isa = PBXFileReference; lastKnownFileType = sourcecode.swift; path = AsyncImageBootcamp.swift; sourceTree = "<group>"; };
		B58EC50B2C8A153300E36644 /* BackgroundMaterialsBootcamp.swift */ = {isa = PBXFileReference; lastKnownFileType = sourcecode.swift; path = BackgroundMaterialsBootcamp.swift; sourceTree = "<group>"; };
		B58EC50D2C8A166800E36644 /* TextSelectionBootcamp.swift */ = {isa = PBXFileReference; lastKnownFileType = sourcecode.swift; path = TextSelectionBootcamp.swift; sourceTree = "<group>"; };
		B59725562C86D855001E83E6 /* DarkModeBootcamp.swift */ = {isa = PBXFileReference; lastKnownFileType = sourcecode.swift; path = DarkModeBootcamp.swift; sourceTree = "<group>"; };
		B59725582C86DBEE001E83E6 /* DocumentationBootcamp.swift */ = {isa = PBXFileReference; lastKnownFileType = sourcecode.swift; path = DocumentationBootcamp.swift; sourceTree = "<group>"; };
		B597255A2C86E113001E83E6 /* OnAppearBootcamp.swift */ = {isa = PBXFileReference; lastKnownFileType = sourcecode.swift; path = OnAppearBootcamp.swift; sourceTree = "<group>"; };
		B597255C2C86E5F3001E83E6 /* IfLetGuardBootcaamp.swift */ = {isa = PBXFileReference; lastKnownFileType = sourcecode.swift; path = IfLetGuardBootcaamp.swift; sourceTree = "<group>"; };
		B59F16F12C8352B7002BEB6C /* TernaryBootcamp.swift */ = {isa = PBXFileReference; lastKnownFileType = sourcecode.swift; path = TernaryBootcamp.swift; sourceTree = "<group>"; };
		B59F16F32C835454002BEB6C /* AnimationBootcamp.swift */ = {isa = PBXFileReference; lastKnownFileType = sourcecode.swift; path = AnimationBootcamp.swift; sourceTree = "<group>"; };
		B59F16F52C835830002BEB6C /* AnimationTimingBootcamp.swift */ = {isa = PBXFileReference; lastKnownFileType = sourcecode.swift; path = AnimationTimingBootcamp.swift; sourceTree = "<group>"; };
		B59F16F72C835D95002BEB6C /* Transition.swift */ = {isa = PBXFileReference; lastKnownFileType = sourcecode.swift; path = Transition.swift; sourceTree = "<group>"; };
		B59F16F92C8363F5002BEB6C /* SheetsBootcamp.swift */ = {isa = PBXFileReference; lastKnownFileType = sourcecode.swift; path = SheetsBootcamp.swift; sourceTree = "<group>"; };
		B59F16FB2C83681F002BEB6C /* PopoverBootcamp.swift */ = {isa = PBXFileReference; lastKnownFileType = sourcecode.swift; path = PopoverBootcamp.swift; sourceTree = "<group>"; };
		B59F16FD2C8379B2002BEB6C /* NavigationViewBootcamp.swift */ = {isa = PBXFileReference; lastKnownFileType = sourcecode.swift; path = NavigationViewBootcamp.swift; sourceTree = "<group>"; };
		B59F16FF2C837DFB002BEB6C /* ListBootcamp.swift */ = {isa = PBXFileReference; lastKnownFileType = sourcecode.swift; path = ListBootcamp.swift; sourceTree = "<group>"; };
		B59F17012C838B43002BEB6C /* AlertBootcamp.swift */ = {isa = PBXFileReference; lastKnownFileType = sourcecode.swift; path = AlertBootcamp.swift; sourceTree = "<group>"; };
		B59F17032C838FB2002BEB6C /* ActionSheetsBootcamp.swift */ = {isa = PBXFileReference; lastKnownFileType = sourcecode.swift; path = ActionSheetsBootcamp.swift; sourceTree = "<group>"; };
		B59F17052C8395C5002BEB6C /* ContextMenuBootcamp.swift */ = {isa = PBXFileReference; lastKnownFileType = sourcecode.swift; path = ContextMenuBootcamp.swift; sourceTree = "<group>"; };
		B5E179DB2C7E0C2E00DED820 /* SafeAreaBootcamp.swift */ = {isa = PBXFileReference; lastKnownFileType = sourcecode.swift; path = SafeAreaBootcamp.swift; sourceTree = "<group>"; };
		B5E179DD2C7E1F9E00DED820 /* ButtonBootcamp.swift */ = {isa = PBXFileReference; lastKnownFileType = sourcecode.swift; path = ButtonBootcamp.swift; sourceTree = "<group>"; };
		B5E179DF2C7E240600DED820 /* StateBootcamp.swift */ = {isa = PBXFileReference; lastKnownFileType = sourcecode.swift; path = StateBootcamp.swift; sourceTree = "<group>"; };
		B5E179E12C7E28DE00DED820 /* ExtractedFunctionsBootcamp.swift */ = {isa = PBXFileReference; lastKnownFileType = sourcecode.swift; path = ExtractedFunctionsBootcamp.swift; sourceTree = "<group>"; };
		B5E179E32C7E2E5100DED820 /* ExtractSubviewsBootcamp.swift */ = {isa = PBXFileReference; lastKnownFileType = sourcecode.swift; path = ExtractSubviewsBootcamp.swift; sourceTree = "<group>"; };
		B5E1AA9D2C8C1206000F3199 /* AnyLayoutBootcamp.swift */ = {isa = PBXFileReference; lastKnownFileType = sourcecode.swift; path = AnyLayoutBootcamp.swift; sourceTree = "<group>"; };
		B5E1AA9F2C8C14A2000F3199 /* ViewThatFitsBootcamp.swift */ = {isa = PBXFileReference; lastKnownFileType = sourcecode.swift; path = ViewThatFitsBootcamp.swift; sourceTree = "<group>"; };
		B5E1AAA12C8C186C000F3199 /* NavigationSplitViewBootcamp.swift */ = {isa = PBXFileReference; lastKnownFileType = sourcecode.swift; path = NavigationSplitViewBootcamp.swift; sourceTree = "<group>"; };
		B5E1AAA32C8C700D000F3199 /* GridBootcamp.swift */ = {isa = PBXFileReference; lastKnownFileType = sourcecode.swift; path = GridBootcamp.swift; sourceTree = "<group>"; };
		B5E1AAA52C8C7DA7000F3199 /* ContentUnavailableViewBootcamp.swift */ = {isa = PBXFileReference; lastKnownFileType = sourcecode.swift; path = ContentUnavailableViewBootcamp.swift; sourceTree = "<group>"; };
		B5E1AAA72C8C8303000F3199 /* ControlGroupBootcamp.swift */ = {isa = PBXFileReference; lastKnownFileType = sourcecode.swift; path = ControlGroupBootcamp.swift; sourceTree = "<group>"; };
		B5E1AAA92C8C873A000F3199 /* ObservableBootcamp.swift */ = {isa = PBXFileReference; lastKnownFileType = sourcecode.swift; path = ObservableBootcamp.swift; sourceTree = "<group>"; };
		B5E1B3502C7B99E300F5F485 /* PaddingsAndSpacer.swift */ = {isa = PBXFileReference; lastKnownFileType = sourcecode.swift; path = PaddingsAndSpacer.swift; sourceTree = "<group>"; };
		B5E1B3552C7B9EDB00F5F485 /* SpacerBootcamp.swift */ = {isa = PBXFileReference; lastKnownFileType = sourcecode.swift; path = SpacerBootcamp.swift; sourceTree = "<group>"; };
		B5F4546E2C8608CF001072A9 /* TextFiledBootcamp.swift */ = {isa = PBXFileReference; lastKnownFileType = sourcecode.swift; path = TextFiledBootcamp.swift; sourceTree = "<group>"; };
		B5F454702C860CDE001072A9 /* TextEditorBootcamp.swift */ = {isa = PBXFileReference; lastKnownFileType = sourcecode.swift; path = TextEditorBootcamp.swift; sourceTree = "<group>"; };
/* End PBXFileReference section */

/* Begin PBXFrameworksBuildPhase section */
		B56EF9E22C7AE93000DF1959 /* Frameworks */ = {
			isa = PBXFrameworksBuildPhase;
			buildActionMask = 2147483647;
			files = (
			);
			runOnlyForDeploymentPostprocessing = 0;
		};
/* End PBXFrameworksBuildPhase section */

/* Begin PBXGroup section */
		B56A6FAA2C88AD90008E637D /* OnBoardingView */ = {
			isa = PBXGroup;
			children = (
				B56A6FA82C88ABBA008E637D /* IntroView.swift */,
				B58EC5052C8A077E00E36644 /* ProfileView.swift */,
				B56A6FAB2C88ADBB008E637D /* OnBoardingView.swift */,
			);
			path = OnBoardingView;
			sourceTree = "<group>";
		};
		B56EF9DC2C7AE93000DF1959 = {
			isa = PBXGroup;
			children = (
				B56EF9E72C7AE93000DF1959 /* SwiftfulThinkingBootcamp */,
				B56EF9E62C7AE93000DF1959 /* Products */,
			);
			sourceTree = "<group>";
		};
		B56EF9E62C7AE93000DF1959 /* Products */ = {
			isa = PBXGroup;
			children = (
				B56EF9E52C7AE93000DF1959 /* SwiftfulThinkingBootcamp.app */,
			);
			name = Products;
			sourceTree = "<group>";
		};
		B56EF9E72C7AE93000DF1959 /* SwiftfulThinkingBootcamp */ = {
			isa = PBXGroup;
			children = (
				B56A6FAA2C88AD90008E637D /* OnBoardingView */,
				B56EF9E82C7AE93000DF1959 /* SwiftfulThinkingBootcampApp.swift */,
				B52E62EC2C834E0F00AC67AF /* BindingBootcamp.swift */,
				B56EF9FA2C7AF73600DF1959 /* Colors.swift */,
				B56EF9FE2C7AFC2000DF1959 /* Gradients.swift */,
				B56EFA002C7B018D00DF1959 /* SystemIcons.swift */,
				B56EFA022C7B076C00DF1959 /* Images.swift */,
				B56EFA042C7B0CAF00DF1959 /* Frames.swift */,
				B56EFA062C7B0FBE00DF1959 /* Backgrounds&Overlays.swift */,
				B56EFA082C7B1B1200DF1959 /* Stacks.swift */,
				B5E1B3502C7B99E300F5F485 /* PaddingsAndSpacer.swift */,
				B56EF9F82C7AF3BA00DF1959 /* Shapes.swift */,
				B5E1B3552C7B9EDB00F5F485 /* SpacerBootcamp.swift */,
				B55977A72C7CDA6700F97916 /* Initializer.swift */,
				B55977A92C7CDF8000F97916 /* ForEachBootcamp.swift */,
				B55977AB2C7CE44D00F97916 /* Scrollview.swift */,
				B55977AD2C7CE93200F97916 /* LazyVGridBootcamp.swift */,
				B5E179DB2C7E0C2E00DED820 /* SafeAreaBootcamp.swift */,
				B5E179DD2C7E1F9E00DED820 /* ButtonBootcamp.swift */,
				B5E179DF2C7E240600DED820 /* StateBootcamp.swift */,
				B59F16FB2C83681F002BEB6C /* PopoverBootcamp.swift */,
				B59F16F72C835D95002BEB6C /* Transition.swift */,
				B59F16F92C8363F5002BEB6C /* SheetsBootcamp.swift */,
				B5E179E12C7E28DE00DED820 /* ExtractedFunctionsBootcamp.swift */,
				B5E179E32C7E2E5100DED820 /* ExtractSubviewsBootcamp.swift */,
				B5580B182C834F4000F72201 /* ConditionalBootcamp.swift */,
				B59F16F12C8352B7002BEB6C /* TernaryBootcamp.swift */,
				B59F16F32C835454002BEB6C /* AnimationBootcamp.swift */,
				B59F16F52C835830002BEB6C /* AnimationTimingBootcamp.swift */,
				B56EF9EA2C7AE93000DF1959 /* ContentView.swift */,
				B59F16FD2C8379B2002BEB6C /* NavigationViewBootcamp.swift */,
				B59F16FF2C837DFB002BEB6C /* ListBootcamp.swift */,
				B59F17012C838B43002BEB6C /* AlertBootcamp.swift */,
				B59F17032C838FB2002BEB6C /* ActionSheetsBootcamp.swift */,
				B59F17052C8395C5002BEB6C /* ContextMenuBootcamp.swift */,
				B5F4546E2C8608CF001072A9 /* TextFiledBootcamp.swift */,
				B5F454702C860CDE001072A9 /* TextEditorBootcamp.swift */,
				B5544CF12C86150500EB975B /* ToggleBootcamp.swift */,
				B5544CF32C86160E00EB975B /* PickerBootcamp.swift */,
				B568677F2C861C7600031046 /* ColorPickerBootcamp.swift */,
				B56867812C861D8300031046 /* DatePickerBootcamp.swift */,
				B56867832C86230500031046 /* StepperBootcamp.swift */,
				B56867852C86252C00031046 /* SliderBootcamp.swift */,
				B56867872C862A1900031046 /* TabViewBootcamp.swift */,
				B59725562C86D855001E83E6 /* DarkModeBootcamp.swift */,
				B59725582C86DBEE001E83E6 /* DocumentationBootcamp.swift */,
				B597255A2C86E113001E83E6 /* OnAppearBootcamp.swift */,
				B597255C2C86E5F3001E83E6 /* IfLetGuardBootcaamp.swift */,
				B55C86652C86E994005FAD6C /* OnTapGestureBootcamp.swift */,
				B55C86672C86F076005FAD6C /* ModelBootcamp.swift */,
				B55C86692C86F563005FAD6C /* ViewModelBootcamp.swift */,
				B55C866B2C875F3E005FAD6C /* EnviromentObjectBootcamp.swift */,
				B56A6FA62C88A4B6008E637D /* AppStorageBootcamp.swift */,
				B58EC5092C8A131A00E36644 /* AsyncImageBootcamp.swift */,
				B58EC50B2C8A153300E36644 /* BackgroundMaterialsBootcamp.swift */,
				B58EC50D2C8A166800E36644 /* TextSelectionBootcamp.swift */,
				B53D6D5C2C8B55C800910E49 /* BadgesBootcamp.swift */,
				B53D6D5E2C8B570200910E49 /* FocusStateBootcamp.swift */,
				B53D6D602C8B5DC800910E49 /* NavigationStackBootcamp.swift */,
				B53D6D622C8B632400910E49 /* ToolbarBootcamp.swift */,
				B57838EE2C8B74BF00536808 /* ResizableBootcamp.swift */,
				B57838F02C8B816000536808 /* GroupBootcamp.swift */,
				B57838F22C8B85AF00536808 /* MenuBootcamp.swift */,
				B57838F42C8B865400536808 /* NativePopoverBootcamp.swift */,
				B5E1AA9D2C8C1206000F3199 /* AnyLayoutBootcamp.swift */,
				B5E1AA9F2C8C14A2000F3199 /* ViewThatFitsBootcamp.swift */,
				B5E1AAA12C8C186C000F3199 /* NavigationSplitViewBootcamp.swift */,
				B5E1AAA32C8C700D000F3199 /* GridBootcamp.swift */,
				B5E1AAA52C8C7DA7000F3199 /* ContentUnavailableViewBootcamp.swift */,
				B5E1AAA72C8C8303000F3199 /* ControlGroupBootcamp.swift */,
				B5E1AAA92C8C873A000F3199 /* ObservableBootcamp.swift */,
				B56EF9EC2C7AE93100DF1959 /* Assets.xcassets */,
				B56EF9EE2C7AE93100DF1959 /* Preview Content */,
			);
			path = SwiftfulThinkingBootcamp;
			sourceTree = "<group>";
		};
		B56EF9EE2C7AE93100DF1959 /* Preview Content */ = {
			isa = PBXGroup;
			children = (
				B56EF9EF2C7AE93100DF1959 /* Preview Assets.xcassets */,
			);
			path = "Preview Content";
			sourceTree = "<group>";
		};
/* End PBXGroup section */

/* Begin PBXNativeTarget section */
		B56EF9E42C7AE93000DF1959 /* SwiftfulThinkingBootcamp */ = {
			isa = PBXNativeTarget;
			buildConfigurationList = B56EF9F32C7AE93100DF1959 /* Build configuration list for PBXNativeTarget "SwiftfulThinkingBootcamp" */;
			buildPhases = (
				B56EF9E12C7AE93000DF1959 /* Sources */,
				B56EF9E22C7AE93000DF1959 /* Frameworks */,
				B56EF9E32C7AE93000DF1959 /* Resources */,
			);
			buildRules = (
			);
			dependencies = (
			);
			name = SwiftfulThinkingBootcamp;
			productName = SwiftfulThinkingBootcamp;
			productReference = B56EF9E52C7AE93000DF1959 /* SwiftfulThinkingBootcamp.app */;
			productType = "com.apple.product-type.application";
		};
/* End PBXNativeTarget section */

/* Begin PBXProject section */
		B56EF9DD2C7AE93000DF1959 /* Project object */ = {
			isa = PBXProject;
			attributes = {
				BuildIndependentTargetsInParallel = 1;
				LastSwiftUpdateCheck = 1530;
				LastUpgradeCheck = 1530;
				TargetAttributes = {
					B56EF9E42C7AE93000DF1959 = {
						CreatedOnToolsVersion = 15.3;
					};
				};
			};
			buildConfigurationList = B56EF9E02C7AE93000DF1959 /* Build configuration list for PBXProject "SwiftfulThinkingBootcamp" */;
			compatibilityVersion = "Xcode 14.0";
			developmentRegion = en;
			hasScannedForEncodings = 0;
			knownRegions = (
				en,
				Base,
			);
			mainGroup = B56EF9DC2C7AE93000DF1959;
			productRefGroup = B56EF9E62C7AE93000DF1959 /* Products */;
			projectDirPath = "";
			projectRoot = "";
			targets = (
				B56EF9E42C7AE93000DF1959 /* SwiftfulThinkingBootcamp */,
			);
		};
/* End PBXProject section */

/* Begin PBXResourcesBuildPhase section */
		B56EF9E32C7AE93000DF1959 /* Resources */ = {
			isa = PBXResourcesBuildPhase;
			buildActionMask = 2147483647;
			files = (
				B56EF9F02C7AE93100DF1959 /* Preview Assets.xcassets in Resources */,
				B56EF9ED2C7AE93100DF1959 /* Assets.xcassets in Resources */,
			);
			runOnlyForDeploymentPostprocessing = 0;
		};
/* End PBXResourcesBuildPhase section */

/* Begin PBXSourcesBuildPhase section */
		B56EF9E12C7AE93000DF1959 /* Sources */ = {
			isa = PBXSourcesBuildPhase;
			buildActionMask = 2147483647;
			files = (
				B5E1AAA42C8C700D000F3199 /* GridBootcamp.swift in Sources */,
				B59F16F82C835D95002BEB6C /* Transition.swift in Sources */,
				B56EFA092C7B1B1200DF1959 /* Stacks.swift in Sources */,
				B56EFA032C7B076C00DF1959 /* Images.swift in Sources */,
				B56A6FAC2C88ADBB008E637D /* OnBoardingView.swift in Sources */,
				B57838EF2C8B74BF00536808 /* ResizableBootcamp.swift in Sources */,
				B5580B192C834F4000F72201 /* ConditionalBootcamp.swift in Sources */,
				B56EF9EB2C7AE93000DF1959 /* ContentView.swift in Sources */,
				B56867882C862A1900031046 /* TabViewBootcamp.swift in Sources */,
				B55977AE2C7CE93200F97916 /* LazyVGridBootcamp.swift in Sources */,
				B57838F32C8B85AF00536808 /* MenuBootcamp.swift in Sources */,
				B56867842C86230500031046 /* StepperBootcamp.swift in Sources */,
				B5E179DE2C7E1F9E00DED820 /* ButtonBootcamp.swift in Sources */,
				B56EFA012C7B018D00DF1959 /* SystemIcons.swift in Sources */,
				B57838F52C8B865400536808 /* NativePopoverBootcamp.swift in Sources */,
				B59F16FA2C8363F5002BEB6C /* SheetsBootcamp.swift in Sources */,
				B5E179E02C7E240600DED820 /* StateBootcamp.swift in Sources */,
				B56EF9FF2C7AFC2000DF1959 /* Gradients.swift in Sources */,
				B56EF9FB2C7AF73600DF1959 /* Colors.swift in Sources */,
				B56A6FA72C88A4B6008E637D /* AppStorageBootcamp.swift in Sources */,
				B597255B2C86E113001E83E6 /* OnAppearBootcamp.swift in Sources */,
				B58EC50A2C8A131A00E36644 /* AsyncImageBootcamp.swift in Sources */,
				B55977A82C7CDA6700F97916 /* Initializer.swift in Sources */,
				B5E179DC2C7E0C2E00DED820 /* SafeAreaBootcamp.swift in Sources */,
				B5E1B3562C7B9EDB00F5F485 /* SpacerBootcamp.swift in Sources */,
				B56EFA052C7B0CAF00DF1959 /* Frames.swift in Sources */,
				B53D6D612C8B5DC800910E49 /* NavigationStackBootcamp.swift in Sources */,
				B5F4546F2C8608CF001072A9 /* TextFiledBootcamp.swift in Sources */,
				B56EFA072C7B0FBE00DF1959 /* Backgrounds&Overlays.swift in Sources */,
				B55C86682C86F076005FAD6C /* ModelBootcamp.swift in Sources */,
				B5E1AAA62C8C7DA7000F3199 /* ContentUnavailableViewBootcamp.swift in Sources */,
				B52E62ED2C834E0F00AC67AF /* BindingBootcamp.swift in Sources */,
				B5E1AAA82C8C8303000F3199 /* ControlGroupBootcamp.swift in Sources */,
				B5E179E22C7E28DE00DED820 /* ExtractedFunctionsBootcamp.swift in Sources */,
				B597255D2C86E5F3001E83E6 /* IfLetGuardBootcaamp.swift in Sources */,
				B5E1AAAA2C8C873A000F3199 /* ObservableBootcamp.swift in Sources */,
				B59F17062C8395C5002BEB6C /* ContextMenuBootcamp.swift in Sources */,
				B59F16F62C835830002BEB6C /* AnimationTimingBootcamp.swift in Sources */,
				B5544CF42C86160E00EB975B /* PickerBootcamp.swift in Sources */,
				B59F16FC2C83681F002BEB6C /* PopoverBootcamp.swift in Sources */,
				B59F17042C838FB2002BEB6C /* ActionSheetsBootcamp.swift in Sources */,
				B53D6D632C8B632400910E49 /* ToolbarBootcamp.swift in Sources */,
				B56EF9E92C7AE93000DF1959 /* SwiftfulThinkingBootcampApp.swift in Sources */,
				B58EC50E2C8A166800E36644 /* TextSelectionBootcamp.swift in Sources */,
				B56867862C86252C00031046 /* SliderBootcamp.swift in Sources */,
				B59725572C86D855001E83E6 /* DarkModeBootcamp.swift in Sources */,
				B56867802C861C7600031046 /* ColorPickerBootcamp.swift in Sources */,
				B55C866C2C875F3E005FAD6C /* EnviromentObjectBootcamp.swift in Sources */,
				B59F16F22C8352B7002BEB6C /* TernaryBootcamp.swift in Sources */,
				B59F16FE2C8379B2002BEB6C /* NavigationViewBootcamp.swift in Sources */,
				B5E179E42C7E2E5100DED820 /* ExtractSubviewsBootcamp.swift in Sources */,
				B5F454712C860CDE001072A9 /* TextEditorBootcamp.swift in Sources */,
				B5E1AAA02C8C14A2000F3199 /* ViewThatFitsBootcamp.swift in Sources */,
				B59F17002C837DFB002BEB6C /* ListBootcamp.swift in Sources */,
				B58EC5062C8A077E00E36644 /* ProfileView.swift in Sources */,
				B57838F12C8B816000536808 /* GroupBootcamp.swift in Sources */,
				B5544CF22C86150500EB975B /* ToggleBootcamp.swift in Sources */,
				B55977AA2C7CDF8000F97916 /* ForEachBootcamp.swift in Sources */,
				B53D6D5D2C8B55C800910E49 /* BadgesBootcamp.swift in Sources */,
				B5E1AA9E2C8C1206000F3199 /* AnyLayoutBootcamp.swift in Sources */,
				B59725592C86DBEE001E83E6 /* DocumentationBootcamp.swift in Sources */,
				B59F17022C838B43002BEB6C /* AlertBootcamp.swift in Sources */,
				B55C866A2C86F563005FAD6C /* ViewModelBootcamp.swift in Sources */,
				B58EC50C2C8A153300E36644 /* BackgroundMaterialsBootcamp.swift in Sources */,
				B5E1AAA22C8C186C000F3199 /* NavigationSplitViewBootcamp.swift in Sources */,
				B55977AC2C7CE44D00F97916 /* Scrollview.swift in Sources */,
				B56A6FA92C88ABBA008E637D /* IntroView.swift in Sources */,
				B55C86662C86E994005FAD6C /* OnTapGestureBootcamp.swift in Sources */,
				B56867822C861D8300031046 /* DatePickerBootcamp.swift in Sources */,
				B56EF9F92C7AF3BA00DF1959 /* Shapes.swift in Sources */,
				B53D6D5F2C8B570200910E49 /* FocusStateBootcamp.swift in Sources */,
				B59F16F42C835454002BEB6C /* AnimationBootcamp.swift in Sources */,
				B5E1B3512C7B99E300F5F485 /* PaddingsAndSpacer.swift in Sources */,
			);
			runOnlyForDeploymentPostprocessing = 0;
		};
/* End PBXSourcesBuildPhase section */

/* Begin XCBuildConfiguration section */
		B56EF9F12C7AE93100DF1959 /* Debug */ = {
			isa = XCBuildConfiguration;
			buildSettings = {
				ALWAYS_SEARCH_USER_PATHS = NO;
				ASSETCATALOG_COMPILER_GENERATE_SWIFT_ASSET_SYMBOL_EXTENSIONS = YES;
				CLANG_ANALYZER_NONNULL = YES;
				CLANG_ANALYZER_NUMBER_OBJECT_CONVERSION = YES_AGGRESSIVE;
				CLANG_CXX_LANGUAGE_STANDARD = "gnu++20";
				CLANG_ENABLE_MODULES = YES;
				CLANG_ENABLE_OBJC_ARC = YES;
				CLANG_ENABLE_OBJC_WEAK = YES;
				CLANG_WARN_BLOCK_CAPTURE_AUTORELEASING = YES;
				CLANG_WARN_BOOL_CONVERSION = YES;
				CLANG_WARN_COMMA = YES;
				CLANG_WARN_CONSTANT_CONVERSION = YES;
				CLANG_WARN_DEPRECATED_OBJC_IMPLEMENTATIONS = YES;
				CLANG_WARN_DIRECT_OBJC_ISA_USAGE = YES_ERROR;
				CLANG_WARN_DOCUMENTATION_COMMENTS = YES;
				CLANG_WARN_EMPTY_BODY = YES;
				CLANG_WARN_ENUM_CONVERSION = YES;
				CLANG_WARN_INFINITE_RECURSION = YES;
				CLANG_WARN_INT_CONVERSION = YES;
				CLANG_WARN_NON_LITERAL_NULL_CONVERSION = YES;
				CLANG_WARN_OBJC_IMPLICIT_RETAIN_SELF = YES;
				CLANG_WARN_OBJC_LITERAL_CONVERSION = YES;
				CLANG_WARN_OBJC_ROOT_CLASS = YES_ERROR;
				CLANG_WARN_QUOTED_INCLUDE_IN_FRAMEWORK_HEADER = YES;
				CLANG_WARN_RANGE_LOOP_ANALYSIS = YES;
				CLANG_WARN_STRICT_PROTOTYPES = YES;
				CLANG_WARN_SUSPICIOUS_MOVE = YES;
				CLANG_WARN_UNGUARDED_AVAILABILITY = YES_AGGRESSIVE;
				CLANG_WARN_UNREACHABLE_CODE = YES;
				CLANG_WARN__DUPLICATE_METHOD_MATCH = YES;
				COPY_PHASE_STRIP = NO;
				DEBUG_INFORMATION_FORMAT = dwarf;
				ENABLE_STRICT_OBJC_MSGSEND = YES;
				ENABLE_TESTABILITY = YES;
				ENABLE_USER_SCRIPT_SANDBOXING = YES;
				GCC_C_LANGUAGE_STANDARD = gnu17;
				GCC_DYNAMIC_NO_PIC = NO;
				GCC_NO_COMMON_BLOCKS = YES;
				GCC_OPTIMIZATION_LEVEL = 0;
				GCC_PREPROCESSOR_DEFINITIONS = (
					"DEBUG=1",
					"$(inherited)",
				);
				GCC_WARN_64_TO_32_BIT_CONVERSION = YES;
				GCC_WARN_ABOUT_RETURN_TYPE = YES_ERROR;
				GCC_WARN_UNDECLARED_SELECTOR = YES;
				GCC_WARN_UNINITIALIZED_AUTOS = YES_AGGRESSIVE;
				GCC_WARN_UNUSED_FUNCTION = YES;
				GCC_WARN_UNUSED_VARIABLE = YES;
				IPHONEOS_DEPLOYMENT_TARGET = 17.4;
				LOCALIZATION_PREFERS_STRING_CATALOGS = YES;
				MTL_ENABLE_DEBUG_INFO = INCLUDE_SOURCE;
				MTL_FAST_MATH = YES;
				ONLY_ACTIVE_ARCH = YES;
				SDKROOT = iphoneos;
				SWIFT_ACTIVE_COMPILATION_CONDITIONS = "DEBUG $(inherited)";
				SWIFT_OPTIMIZATION_LEVEL = "-Onone";
			};
			name = Debug;
		};
		B56EF9F22C7AE93100DF1959 /* Release */ = {
			isa = XCBuildConfiguration;
			buildSettings = {
				ALWAYS_SEARCH_USER_PATHS = NO;
				ASSETCATALOG_COMPILER_GENERATE_SWIFT_ASSET_SYMBOL_EXTENSIONS = YES;
				CLANG_ANALYZER_NONNULL = YES;
				CLANG_ANALYZER_NUMBER_OBJECT_CONVERSION = YES_AGGRESSIVE;
				CLANG_CXX_LANGUAGE_STANDARD = "gnu++20";
				CLANG_ENABLE_MODULES = YES;
				CLANG_ENABLE_OBJC_ARC = YES;
				CLANG_ENABLE_OBJC_WEAK = YES;
				CLANG_WARN_BLOCK_CAPTURE_AUTORELEASING = YES;
				CLANG_WARN_BOOL_CONVERSION = YES;
				CLANG_WARN_COMMA = YES;
				CLANG_WARN_CONSTANT_CONVERSION = YES;
				CLANG_WARN_DEPRECATED_OBJC_IMPLEMENTATIONS = YES;
				CLANG_WARN_DIRECT_OBJC_ISA_USAGE = YES_ERROR;
				CLANG_WARN_DOCUMENTATION_COMMENTS = YES;
				CLANG_WARN_EMPTY_BODY = YES;
				CLANG_WARN_ENUM_CONVERSION = YES;
				CLANG_WARN_INFINITE_RECURSION = YES;
				CLANG_WARN_INT_CONVERSION = YES;
				CLANG_WARN_NON_LITERAL_NULL_CONVERSION = YES;
				CLANG_WARN_OBJC_IMPLICIT_RETAIN_SELF = YES;
				CLANG_WARN_OBJC_LITERAL_CONVERSION = YES;
				CLANG_WARN_OBJC_ROOT_CLASS = YES_ERROR;
				CLANG_WARN_QUOTED_INCLUDE_IN_FRAMEWORK_HEADER = YES;
				CLANG_WARN_RANGE_LOOP_ANALYSIS = YES;
				CLANG_WARN_STRICT_PROTOTYPES = YES;
				CLANG_WARN_SUSPICIOUS_MOVE = YES;
				CLANG_WARN_UNGUARDED_AVAILABILITY = YES_AGGRESSIVE;
				CLANG_WARN_UNREACHABLE_CODE = YES;
				CLANG_WARN__DUPLICATE_METHOD_MATCH = YES;
				COPY_PHASE_STRIP = NO;
				DEBUG_INFORMATION_FORMAT = "dwarf-with-dsym";
				ENABLE_NS_ASSERTIONS = NO;
				ENABLE_STRICT_OBJC_MSGSEND = YES;
				ENABLE_USER_SCRIPT_SANDBOXING = YES;
				GCC_C_LANGUAGE_STANDARD = gnu17;
				GCC_NO_COMMON_BLOCKS = YES;
				GCC_WARN_64_TO_32_BIT_CONVERSION = YES;
				GCC_WARN_ABOUT_RETURN_TYPE = YES_ERROR;
				GCC_WARN_UNDECLARED_SELECTOR = YES;
				GCC_WARN_UNINITIALIZED_AUTOS = YES_AGGRESSIVE;
				GCC_WARN_UNUSED_FUNCTION = YES;
				GCC_WARN_UNUSED_VARIABLE = YES;
				IPHONEOS_DEPLOYMENT_TARGET = 17.4;
				LOCALIZATION_PREFERS_STRING_CATALOGS = YES;
				MTL_ENABLE_DEBUG_INFO = NO;
				MTL_FAST_MATH = YES;
				SDKROOT = iphoneos;
				SWIFT_COMPILATION_MODE = wholemodule;
				VALIDATE_PRODUCT = YES;
			};
			name = Release;
		};
		B56EF9F42C7AE93100DF1959 /* Debug */ = {
			isa = XCBuildConfiguration;
			buildSettings = {
				ASSETCATALOG_COMPILER_APPICON_NAME = AppIcon;
				ASSETCATALOG_COMPILER_GLOBAL_ACCENT_COLOR_NAME = AccentColor;
				CODE_SIGN_STYLE = Automatic;
				CURRENT_PROJECT_VERSION = 1;
				DEVELOPMENT_ASSET_PATHS = "\"SwiftfulThinkingBootcamp/Preview Content\"";
				ENABLE_PREVIEWS = YES;
				GENERATE_INFOPLIST_FILE = YES;
				INFOPLIST_KEY_UIApplicationSceneManifest_Generation = YES;
				INFOPLIST_KEY_UIApplicationSupportsIndirectInputEvents = YES;
				INFOPLIST_KEY_UILaunchScreen_Generation = YES;
				INFOPLIST_KEY_UISupportedInterfaceOrientations = UIInterfaceOrientationPortrait;
				IPHONEOS_DEPLOYMENT_TARGET = 17.0;
				LD_RUNPATH_SEARCH_PATHS = (
					"$(inherited)",
					"@executable_path/Frameworks",
				);
				MARKETING_VERSION = 1.0;
				PRODUCT_BUNDLE_IDENTIFIER = jothebug.SwiftfulThinkingBootcamp;
				PRODUCT_NAME = "$(TARGET_NAME)";
				SUPPORTED_PLATFORMS = "iphoneos iphonesimulator";
				SUPPORTS_MACCATALYST = NO;
				SUPPORTS_MAC_DESIGNED_FOR_IPHONE_IPAD = NO;
				SUPPORTS_XR_DESIGNED_FOR_IPHONE_IPAD = NO;
				SWIFT_EMIT_LOC_STRINGS = YES;
				SWIFT_VERSION = 5.0;
				TARGETED_DEVICE_FAMILY = "1,2";
			};
			name = Debug;
		};
		B56EF9F52C7AE93100DF1959 /* Release */ = {
			isa = XCBuildConfiguration;
			buildSettings = {
				ASSETCATALOG_COMPILER_APPICON_NAME = AppIcon;
				ASSETCATALOG_COMPILER_GLOBAL_ACCENT_COLOR_NAME = AccentColor;
				CODE_SIGN_STYLE = Automatic;
				CURRENT_PROJECT_VERSION = 1;
				DEVELOPMENT_ASSET_PATHS = "\"SwiftfulThinkingBootcamp/Preview Content\"";
				ENABLE_PREVIEWS = YES;
				GENERATE_INFOPLIST_FILE = YES;
				INFOPLIST_KEY_UIApplicationSceneManifest_Generation = YES;
				INFOPLIST_KEY_UIApplicationSupportsIndirectInputEvents = YES;
				INFOPLIST_KEY_UILaunchScreen_Generation = YES;
				INFOPLIST_KEY_UISupportedInterfaceOrientations = UIInterfaceOrientationPortrait;
				IPHONEOS_DEPLOYMENT_TARGET = 17.0;
				LD_RUNPATH_SEARCH_PATHS = (
					"$(inherited)",
					"@executable_path/Frameworks",
				);
				MARKETING_VERSION = 1.0;
				PRODUCT_BUNDLE_IDENTIFIER = jothebug.SwiftfulThinkingBootcamp;
				PRODUCT_NAME = "$(TARGET_NAME)";
				SUPPORTED_PLATFORMS = "iphoneos iphonesimulator";
				SUPPORTS_MACCATALYST = NO;
				SUPPORTS_MAC_DESIGNED_FOR_IPHONE_IPAD = NO;
				SUPPORTS_XR_DESIGNED_FOR_IPHONE_IPAD = NO;
				SWIFT_EMIT_LOC_STRINGS = YES;
				SWIFT_VERSION = 5.0;
				TARGETED_DEVICE_FAMILY = "1,2";
			};
			name = Release;
		};
/* End XCBuildConfiguration section */

/* Begin XCConfigurationList section */
		B56EF9E02C7AE93000DF1959 /* Build configuration list for PBXProject "SwiftfulThinkingBootcamp" */ = {
			isa = XCConfigurationList;
			buildConfigurations = (
				B56EF9F12C7AE93100DF1959 /* Debug */,
				B56EF9F22C7AE93100DF1959 /* Release */,
			);
			defaultConfigurationIsVisible = 0;
			defaultConfigurationName = Release;
		};
		B56EF9F32C7AE93100DF1959 /* Build configuration list for PBXNativeTarget "SwiftfulThinkingBootcamp" */ = {
			isa = XCConfigurationList;
			buildConfigurations = (
				B56EF9F42C7AE93100DF1959 /* Debug */,
				B56EF9F52C7AE93100DF1959 /* Release */,
			);
			defaultConfigurationIsVisible = 0;
			defaultConfigurationName = Release;
		};
/* End XCConfigurationList section */
	};
	rootObject = B56EF9DD2C7AE93000DF1959 /* Project object */;
}
