// !$*UTF8*$!
{
	archiveVersion = 1;
	classes = {
	};
	objectVersion = 56;
	objects = {

/* Begin PBXBuildFile section */
		B55977A82C7CDA6700F97916 /* Initializer.swift in Sources */ = {isa = PBXBuildFile; fileRef = B55977A72C7CDA6700F97916 /* Initializer.swift */; };
		B55977AA2C7CDF8000F97916 /* ForEachBootcamp.swift in Sources */ = {isa = PBXBuildFile; fileRef = B55977A92C7CDF8000F97916 /* ForEachBootcamp.swift */; };
		B55977AC2C7CE44D00F97916 /* Scrollview.swift in Sources */ = {isa = PBXBuildFile; fileRef = B55977AB2C7CE44D00F97916 /* Scrollview.swift */; };
		B55977AE2C7CE93200F97916 /* LazyVGridBootcamp.swift in Sources */ = {isa = PBXBuildFile; fileRef = B55977AD2C7CE93200F97916 /* LazyVGridBootcamp.swift */; };
		B56EF9E92C7AE93000DF1959 /* SwiftfulThinkingBootcampApp.swift in Sources */ = {isa = PBXBuildFile; fileRef = B56EF9E82C7AE93000DF1959 /* SwiftfulThinkingBootcampApp.swift */; };
		B56EF9EB2C7AE93000DF1959 /* ContentView.swift in Sources */ = {isa = PBXBuildFile; fileRef = B56EF9EA2C7AE93000DF1959 /* ContentView.swift */; };
		B56EF9ED2C7AE93100DF1959 /* Assets.xcassets in Resources */ = {isa = PBXBuildFile; fileRef = B56EF9EC2C7AE93100DF1959 /* Assets.xcassets */; };
		B56EF9F02C7AE93100DF1959 /* Preview Assets.xcassets in Resources */ = {isa = PBXBuildFile; fileRef = B56EF9EF2C7AE93100DF1959 /* Preview Assets.xcassets */; };
		B56EF9F92C7AF3BA00DF1959 /* Shapes.swift in Sources */ = {isa = PBXBuildFile; fileRef = B56EF9F82C7AF3BA00DF1959 /* Shapes.swift */; };
		B56EF9FB2C7AF73600DF1959 /* Colors.swift in Sources */ = {isa = PBXBuildFile; fileRef = B56EF9FA2C7AF73600DF1959 /* Colors.swift */; };
		B56EF9FF2C7AFC2000DF1959 /* Gradients.swift in Sources */ = {isa = PBXBuildFile; fileRef = B56EF9FE2C7AFC2000DF1959 /* Gradients.swift */; };
		B56EFA012C7B018D00DF1959 /* SystemIcons.swift in Sources */ = {isa = PBXBuildFile; fileRef = B56EFA002C7B018D00DF1959 /* SystemIcons.swift */; };
		B56EFA032C7B076C00DF1959 /* Images.swift in Sources */ = {isa = PBXBuildFile; fileRef = B56EFA022C7B076C00DF1959 /* Images.swift */; };
		B56EFA052C7B0CAF00DF1959 /* Frames.swift in Sources */ = {isa = PBXBuildFile; fileRef = B56EFA042C7B0CAF00DF1959 /* Frames.swift */; };
		B56EFA072C7B0FBE00DF1959 /* Backgrounds&Overlays.swift in Sources */ = {isa = PBXBuildFile; fileRef = B56EFA062C7B0FBE00DF1959 /* Backgrounds&Overlays.swift */; };
		B56EFA092C7B1B1200DF1959 /* Stacks.swift in Sources */ = {isa = PBXBuildFile; fileRef = B56EFA082C7B1B1200DF1959 /* Stacks.swift */; };
		B5E179DC2C7E0C2E00DED820 /* SafeAreaBootcamp.swift in Sources */ = {isa = PBXBuildFile; fileRef = B5E179DB2C7E0C2E00DED820 /* SafeAreaBootcamp.swift */; };
		B5E179DE2C7E1F9E00DED820 /* ButtonBootcamp.swift in Sources */ = {isa = PBXBuildFile; fileRef = B5E179DD2C7E1F9E00DED820 /* ButtonBootcamp.swift */; };
		B5E179E02C7E240600DED820 /* StateBootcamp.swift in Sources */ = {isa = PBXBuildFile; fileRef = B5E179DF2C7E240600DED820 /* StateBootcamp.swift */; };
		B5E179E22C7E28DE00DED820 /* ExtractedFunctionsBootcamp.swift in Sources */ = {isa = PBXBuildFile; fileRef = B5E179E12C7E28DE00DED820 /* ExtractedFunctionsBootcamp.swift */; };
		B5E179E42C7E2E5100DED820 /* ExtractSubviewsBootcamp.swift in Sources */ = {isa = PBXBuildFile; fileRef = B5E179E32C7E2E5100DED820 /* ExtractSubviewsBootcamp.swift */; };
		B5E1B3512C7B99E300F5F485 /* PaddingsAndSpacer.swift in Sources */ = {isa = PBXBuildFile; fileRef = B5E1B3502C7B99E300F5F485 /* PaddingsAndSpacer.swift */; };
		B5E1B3562C7B9EDB00F5F485 /* SpacerBootcamp.swift in Sources */ = {isa = PBXBuildFile; fileRef = B5E1B3552C7B9EDB00F5F485 /* SpacerBootcamp.swift */; };
/* End PBXBuildFile section */

/* Begin PBXFileReference section */
		B55977A72C7CDA6700F97916 /* Initializer.swift */ = {isa = PBXFileReference; lastKnownFileType = sourcecode.swift; path = Initializer.swift; sourceTree = "<group>"; };
		B55977A92C7CDF8000F97916 /* ForEachBootcamp.swift */ = {isa = PBXFileReference; lastKnownFileType = sourcecode.swift; path = ForEachBootcamp.swift; sourceTree = "<group>"; };
		B55977AB2C7CE44D00F97916 /* Scrollview.swift */ = {isa = PBXFileReference; lastKnownFileType = sourcecode.swift; path = Scrollview.swift; sourceTree = "<group>"; };
		B55977AD2C7CE93200F97916 /* LazyVGridBootcamp.swift */ = {isa = PBXFileReference; lastKnownFileType = sourcecode.swift; path = LazyVGridBootcamp.swift; sourceTree = "<group>"; };
		B56EF9E52C7AE93000DF1959 /* SwiftfulThinkingBootcamp.app */ = {isa = PBXFileReference; explicitFileType = wrapper.application; includeInIndex = 0; path = SwiftfulThinkingBootcamp.app; sourceTree = BUILT_PRODUCTS_DIR; };
		B56EF9E82C7AE93000DF1959 /* SwiftfulThinkingBootcampApp.swift */ = {isa = PBXFileReference; lastKnownFileType = sourcecode.swift; path = SwiftfulThinkingBootcampApp.swift; sourceTree = "<group>"; };
		B56EF9EA2C7AE93000DF1959 /* ContentView.swift */ = {isa = PBXFileReference; lastKnownFileType = sourcecode.swift; path = ContentView.swift; sourceTree = "<group>"; };
		B56EF9EC2C7AE93100DF1959 /* Assets.xcassets */ = {isa = PBXFileReference; lastKnownFileType = folder.assetcatalog; path = Assets.xcassets; sourceTree = "<group>"; };
		B56EF9EF2C7AE93100DF1959 /* Preview Assets.xcassets */ = {isa = PBXFileReference; lastKnownFileType = folder.assetcatalog; path = "Preview Assets.xcassets"; sourceTree = "<group>"; };
		B56EF9F82C7AF3BA00DF1959 /* Shapes.swift */ = {isa = PBXFileReference; lastKnownFileType = sourcecode.swift; path = Shapes.swift; sourceTree = "<group>"; };
		B56EF9FA2C7AF73600DF1959 /* Colors.swift */ = {isa = PBXFileReference; lastKnownFileType = sourcecode.swift; path = Colors.swift; sourceTree = "<group>"; };
		B56EF9FE2C7AFC2000DF1959 /* Gradients.swift */ = {isa = PBXFileReference; lastKnownFileType = sourcecode.swift; path = Gradients.swift; sourceTree = "<group>"; };
		B56EFA002C7B018D00DF1959 /* SystemIcons.swift */ = {isa = PBXFileReference; lastKnownFileType = sourcecode.swift; path = SystemIcons.swift; sourceTree = "<group>"; };
		B56EFA022C7B076C00DF1959 /* Images.swift */ = {isa = PBXFileReference; lastKnownFileType = sourcecode.swift; path = Images.swift; sourceTree = "<group>"; };
		B56EFA042C7B0CAF00DF1959 /* Frames.swift */ = {isa = PBXFileReference; lastKnownFileType = sourcecode.swift; path = Frames.swift; sourceTree = "<group>"; };
		B56EFA062C7B0FBE00DF1959 /* Backgrounds&Overlays.swift */ = {isa = PBXFileReference; lastKnownFileType = sourcecode.swift; path = "Backgrounds&Overlays.swift"; sourceTree = "<group>"; };
		B56EFA082C7B1B1200DF1959 /* Stacks.swift */ = {isa = PBXFileReference; lastKnownFileType = sourcecode.swift; path = Stacks.swift; sourceTree = "<group>"; };
		B5E179DB2C7E0C2E00DED820 /* SafeAreaBootcamp.swift */ = {isa = PBXFileReference; lastKnownFileType = sourcecode.swift; path = SafeAreaBootcamp.swift; sourceTree = "<group>"; };
		B5E179DD2C7E1F9E00DED820 /* ButtonBootcamp.swift */ = {isa = PBXFileReference; lastKnownFileType = sourcecode.swift; path = ButtonBootcamp.swift; sourceTree = "<group>"; };
		B5E179DF2C7E240600DED820 /* StateBootcamp.swift */ = {isa = PBXFileReference; lastKnownFileType = sourcecode.swift; path = StateBootcamp.swift; sourceTree = "<group>"; };
		B5E179E12C7E28DE00DED820 /* ExtractedFunctionsBootcamp.swift */ = {isa = PBXFileReference; lastKnownFileType = sourcecode.swift; path = ExtractedFunctionsBootcamp.swift; sourceTree = "<group>"; };
		B5E179E32C7E2E5100DED820 /* ExtractSubviewsBootcamp.swift */ = {isa = PBXFileReference; lastKnownFileType = sourcecode.swift; path = ExtractSubviewsBootcamp.swift; sourceTree = "<group>"; };
		B5E1B3502C7B99E300F5F485 /* PaddingsAndSpacer.swift */ = {isa = PBXFileReference; lastKnownFileType = sourcecode.swift; path = PaddingsAndSpacer.swift; sourceTree = "<group>"; };
		B5E1B3552C7B9EDB00F5F485 /* SpacerBootcamp.swift */ = {isa = PBXFileReference; lastKnownFileType = sourcecode.swift; path = SpacerBootcamp.swift; sourceTree = "<group>"; };
/* End PBXFileReference section */

/* Begin PBXFrameworksBuildPhase section */
		B56EF9E22C7AE93000DF1959 /* Frameworks */ = {
			isa = PBXFrameworksBuildPhase;
			buildActionMask = 2147483647;
			files = (
			);
			runOnlyForDeploymentPostprocessing = 0;
		};
/* End PBXFrameworksBuildPhase section */

/* Begin PBXGroup section */
		B56EF9DC2C7AE93000DF1959 = {
			isa = PBXGroup;
			children = (
				B56EF9E72C7AE93000DF1959 /* SwiftfulThinkingBootcamp */,
				B56EF9E62C7AE93000DF1959 /* Products */,
			);
			sourceTree = "<group>";
		};
		B56EF9E62C7AE93000DF1959 /* Products */ = {
			isa = PBXGroup;
			children = (
				B56EF9E52C7AE93000DF1959 /* SwiftfulThinkingBootcamp.app */,
			);
			name = Products;
			sourceTree = "<group>";
		};
		B56EF9E72C7AE93000DF1959 /* SwiftfulThinkingBootcamp */ = {
			isa = PBXGroup;
			children = (
				B56EF9E82C7AE93000DF1959 /* SwiftfulThinkingBootcampApp.swift */,
				B56EF9FA2C7AF73600DF1959 /* Colors.swift */,
				B56EF9FE2C7AFC2000DF1959 /* Gradients.swift */,
				B56EFA002C7B018D00DF1959 /* SystemIcons.swift */,
				B56EFA022C7B076C00DF1959 /* Images.swift */,
				B56EFA042C7B0CAF00DF1959 /* Frames.swift */,
				B56EFA062C7B0FBE00DF1959 /* Backgrounds&Overlays.swift */,
				B56EFA082C7B1B1200DF1959 /* Stacks.swift */,
				B5E1B3502C7B99E300F5F485 /* PaddingsAndSpacer.swift */,
				B56EF9F82C7AF3BA00DF1959 /* Shapes.swift */,
				B5E1B3552C7B9EDB00F5F485 /* SpacerBootcamp.swift */,
				B55977A72C7CDA6700F97916 /* Initializer.swift */,
				B55977A92C7CDF8000F97916 /* ForEachBootcamp.swift */,
				B55977AB2C7CE44D00F97916 /* Scrollview.swift */,
				B55977AD2C7CE93200F97916 /* LazyVGridBootcamp.swift */,
				B5E179DB2C7E0C2E00DED820 /* SafeAreaBootcamp.swift */,
				B5E179DD2C7E1F9E00DED820 /* ButtonBootcamp.swift */,
				B5E179DF2C7E240600DED820 /* StateBootcamp.swift */,
				B5E179E12C7E28DE00DED820 /* ExtractedFunctionsBootcamp.swift */,
				B5E179E32C7E2E5100DED820 /* ExtractSubviewsBootcamp.swift */,
				B56EF9EA2C7AE93000DF1959 /* ContentView.swift */,
				B56EF9EC2C7AE93100DF1959 /* Assets.xcassets */,
				B56EF9EE2C7AE93100DF1959 /* Preview Content */,
			);
			path = SwiftfulThinkingBootcamp;
			sourceTree = "<group>";
		};
		B56EF9EE2C7AE93100DF1959 /* Preview Content */ = {
			isa = PBXGroup;
			children = (
				B56EF9EF2C7AE93100DF1959 /* Preview Assets.xcassets */,
			);
			path = "Preview Content";
			sourceTree = "<group>";
		};
/* End PBXGroup section */

/* Begin PBXNativeTarget section */
		B56EF9E42C7AE93000DF1959 /* SwiftfulThinkingBootcamp */ = {
			isa = PBXNativeTarget;
			buildConfigurationList = B56EF9F32C7AE93100DF1959 /* Build configuration list for PBXNativeTarget "SwiftfulThinkingBootcamp" */;
			buildPhases = (
				B56EF9E12C7AE93000DF1959 /* Sources */,
				B56EF9E22C7AE93000DF1959 /* Frameworks */,
				B56EF9E32C7AE93000DF1959 /* Resources */,
			);
			buildRules = (
			);
			dependencies = (
			);
			name = SwiftfulThinkingBootcamp;
			productName = SwiftfulThinkingBootcamp;
			productReference = B56EF9E52C7AE93000DF1959 /* SwiftfulThinkingBootcamp.app */;
			productType = "com.apple.product-type.application";
		};
/* End PBXNativeTarget section */

/* Begin PBXProject section */
		B56EF9DD2C7AE93000DF1959 /* Project object */ = {
			isa = PBXProject;
			attributes = {
				BuildIndependentTargetsInParallel = 1;
				LastSwiftUpdateCheck = 1530;
				LastUpgradeCheck = 1530;
				TargetAttributes = {
					B56EF9E42C7AE93000DF1959 = {
						CreatedOnToolsVersion = 15.3;
					};
				};
			};
			buildConfigurationList = B56EF9E02C7AE93000DF1959 /* Build configuration list for PBXProject "SwiftfulThinkingBootcamp" */;
			compatibilityVersion = "Xcode 14.0";
			developmentRegion = en;
			hasScannedForEncodings = 0;
			knownRegions = (
				en,
				Base,
			);
			mainGroup = B56EF9DC2C7AE93000DF1959;
			productRefGroup = B56EF9E62C7AE93000DF1959 /* Products */;
			projectDirPath = "";
			projectRoot = "";
			targets = (
				B56EF9E42C7AE93000DF1959 /* SwiftfulThinkingBootcamp */,
			);
		};
/* End PBXProject section */

/* Begin PBXResourcesBuildPhase section */
		B56EF9E32C7AE93000DF1959 /* Resources */ = {
			isa = PBXResourcesBuildPhase;
			buildActionMask = 2147483647;
			files = (
				B56EF9F02C7AE93100DF1959 /* Preview Assets.xcassets in Resources */,
				B56EF9ED2C7AE93100DF1959 /* Assets.xcassets in Resources */,
			);
			runOnlyForDeploymentPostprocessing = 0;
		};
/* End PBXResourcesBuildPhase section */

/* Begin PBXSourcesBuildPhase section */
		B56EF9E12C7AE93000DF1959 /* Sources */ = {
			isa = PBXSourcesBuildPhase;
			buildActionMask = 2147483647;
			files = (
				B56EFA092C7B1B1200DF1959 /* Stacks.swift in Sources */,
				B56EFA032C7B076C00DF1959 /* Images.swift in Sources */,
				B56EF9EB2C7AE93000DF1959 /* ContentView.swift in Sources */,
				B55977AE2C7CE93200F97916 /* LazyVGridBootcamp.swift in Sources */,
				B5E179DE2C7E1F9E00DED820 /* ButtonBootcamp.swift in Sources */,
				B56EFA012C7B018D00DF1959 /* SystemIcons.swift in Sources */,
				B5E179E02C7E240600DED820 /* StateBootcamp.swift in Sources */,
				B56EF9FF2C7AFC2000DF1959 /* Gradients.swift in Sources */,
				B56EF9FB2C7AF73600DF1959 /* Colors.swift in Sources */,
				B55977A82C7CDA6700F97916 /* Initializer.swift in Sources */,
				B5E179DC2C7E0C2E00DED820 /* SafeAreaBootcamp.swift in Sources */,
				B5E1B3562C7B9EDB00F5F485 /* SpacerBootcamp.swift in Sources */,
				B56EFA052C7B0CAF00DF1959 /* Frames.swift in Sources */,
				B56EFA072C7B0FBE00DF1959 /* Backgrounds&Overlays.swift in Sources */,
				B5E179E22C7E28DE00DED820 /* ExtractedFunctionsBootcamp.swift in Sources */,
				B56EF9E92C7AE93000DF1959 /* SwiftfulThinkingBootcampApp.swift in Sources */,
				B5E179E42C7E2E5100DED820 /* ExtractSubviewsBootcamp.swift in Sources */,
				B55977AA2C7CDF8000F97916 /* ForEachBootcamp.swift in Sources */,
				B55977AC2C7CE44D00F97916 /* Scrollview.swift in Sources */,
				B56EF9F92C7AF3BA00DF1959 /* Shapes.swift in Sources */,
				B5E1B3512C7B99E300F5F485 /* PaddingsAndSpacer.swift in Sources */,
			);
			runOnlyForDeploymentPostprocessing = 0;
		};
/* End PBXSourcesBuildPhase section */

/* Begin XCBuildConfiguration section */
		B56EF9F12C7AE93100DF1959 /* Debug */ = {
			isa = XCBuildConfiguration;
			buildSettings = {
				ALWAYS_SEARCH_USER_PATHS = NO;
				ASSETCATALOG_COMPILER_GENERATE_SWIFT_ASSET_SYMBOL_EXTENSIONS = YES;
				CLANG_ANALYZER_NONNULL = YES;
				CLANG_ANALYZER_NUMBER_OBJECT_CONVERSION = YES_AGGRESSIVE;
				CLANG_CXX_LANGUAGE_STANDARD = "gnu++20";
				CLANG_ENABLE_MODULES = YES;
				CLANG_ENABLE_OBJC_ARC = YES;
				CLANG_ENABLE_OBJC_WEAK = YES;
				CLANG_WARN_BLOCK_CAPTURE_AUTORELEASING = YES;
				CLANG_WARN_BOOL_CONVERSION = YES;
				CLANG_WARN_COMMA = YES;
				CLANG_WARN_CONSTANT_CONVERSION = YES;
				CLANG_WARN_DEPRECATED_OBJC_IMPLEMENTATIONS = YES;
				CLANG_WARN_DIRECT_OBJC_ISA_USAGE = YES_ERROR;
				CLANG_WARN_DOCUMENTATION_COMMENTS = YES;
				CLANG_WARN_EMPTY_BODY = YES;
				CLANG_WARN_ENUM_CONVERSION = YES;
				CLANG_WARN_INFINITE_RECURSION = YES;
				CLANG_WARN_INT_CONVERSION = YES;
				CLANG_WARN_NON_LITERAL_NULL_CONVERSION = YES;
				CLANG_WARN_OBJC_IMPLICIT_RETAIN_SELF = YES;
				CLANG_WARN_OBJC_LITERAL_CONVERSION = YES;
				CLANG_WARN_OBJC_ROOT_CLASS = YES_ERROR;
				CLANG_WARN_QUOTED_INCLUDE_IN_FRAMEWORK_HEADER = YES;
				CLANG_WARN_RANGE_LOOP_ANALYSIS = YES;
				CLANG_WARN_STRICT_PROTOTYPES = YES;
				CLANG_WARN_SUSPICIOUS_MOVE = YES;
				CLANG_WARN_UNGUARDED_AVAILABILITY = YES_AGGRESSIVE;
				CLANG_WARN_UNREACHABLE_CODE = YES;
				CLANG_WARN__DUPLICATE_METHOD_MATCH = YES;
				COPY_PHASE_STRIP = NO;
				DEBUG_INFORMATION_FORMAT = dwarf;
				ENABLE_STRICT_OBJC_MSGSEND = YES;
				ENABLE_TESTABILITY = YES;
				ENABLE_USER_SCRIPT_SANDBOXING = YES;
				GCC_C_LANGUAGE_STANDARD = gnu17;
				GCC_DYNAMIC_NO_PIC = NO;
				GCC_NO_COMMON_BLOCKS = YES;
				GCC_OPTIMIZATION_LEVEL = 0;
				GCC_PREPROCESSOR_DEFINITIONS = (
					"DEBUG=1",
					"$(inherited)",
				);
				GCC_WARN_64_TO_32_BIT_CONVERSION = YES;
				GCC_WARN_ABOUT_RETURN_TYPE = YES_ERROR;
				GCC_WARN_UNDECLARED_SELECTOR = YES;
				GCC_WARN_UNINITIALIZED_AUTOS = YES_AGGRESSIVE;
				GCC_WARN_UNUSED_FUNCTION = YES;
				GCC_WARN_UNUSED_VARIABLE = YES;
				IPHONEOS_DEPLOYMENT_TARGET = 17.4;
				LOCALIZATION_PREFERS_STRING_CATALOGS = YES;
				MTL_ENABLE_DEBUG_INFO = INCLUDE_SOURCE;
				MTL_FAST_MATH = YES;
				ONLY_ACTIVE_ARCH = YES;
				SDKROOT = iphoneos;
				SWIFT_ACTIVE_COMPILATION_CONDITIONS = "DEBUG $(inherited)";
				SWIFT_OPTIMIZATION_LEVEL = "-Onone";
			};
			name = Debug;
		};
		B56EF9F22C7AE93100DF1959 /* Release */ = {
			isa = XCBuildConfiguration;
			buildSettings = {
				ALWAYS_SEARCH_USER_PATHS = NO;
				ASSETCATALOG_COMPILER_GENERATE_SWIFT_ASSET_SYMBOL_EXTENSIONS = YES;
				CLANG_ANALYZER_NONNULL = YES;
				CLANG_ANALYZER_NUMBER_OBJECT_CONVERSION = YES_AGGRESSIVE;
				CLANG_CXX_LANGUAGE_STANDARD = "gnu++20";
				CLANG_ENABLE_MODULES = YES;
				CLANG_ENABLE_OBJC_ARC = YES;
				CLANG_ENABLE_OBJC_WEAK = YES;
				CLANG_WARN_BLOCK_CAPTURE_AUTORELEASING = YES;
				CLANG_WARN_BOOL_CONVERSION = YES;
				CLANG_WARN_COMMA = YES;
				CLANG_WARN_CONSTANT_CONVERSION = YES;
				CLANG_WARN_DEPRECATED_OBJC_IMPLEMENTATIONS = YES;
				CLANG_WARN_DIRECT_OBJC_ISA_USAGE = YES_ERROR;
				CLANG_WARN_DOCUMENTATION_COMMENTS = YES;
				CLANG_WARN_EMPTY_BODY = YES;
				CLANG_WARN_ENUM_CONVERSION = YES;
				CLANG_WARN_INFINITE_RECURSION = YES;
				CLANG_WARN_INT_CONVERSION = YES;
				CLANG_WARN_NON_LITERAL_NULL_CONVERSION = YES;
				CLANG_WARN_OBJC_IMPLICIT_RETAIN_SELF = YES;
				CLANG_WARN_OBJC_LITERAL_CONVERSION = YES;
				CLANG_WARN_OBJC_ROOT_CLASS = YES_ERROR;
				CLANG_WARN_QUOTED_INCLUDE_IN_FRAMEWORK_HEADER = YES;
				CLANG_WARN_RANGE_LOOP_ANALYSIS = YES;
				CLANG_WARN_STRICT_PROTOTYPES = YES;
				CLANG_WARN_SUSPICIOUS_MOVE = YES;
				CLANG_WARN_UNGUARDED_AVAILABILITY = YES_AGGRESSIVE;
				CLANG_WARN_UNREACHABLE_CODE = YES;
				CLANG_WARN__DUPLICATE_METHOD_MATCH = YES;
				COPY_PHASE_STRIP = NO;
				DEBUG_INFORMATION_FORMAT = "dwarf-with-dsym";
				ENABLE_NS_ASSERTIONS = NO;
				ENABLE_STRICT_OBJC_MSGSEND = YES;
				ENABLE_USER_SCRIPT_SANDBOXING = YES;
				GCC_C_LANGUAGE_STANDARD = gnu17;
				GCC_NO_COMMON_BLOCKS = YES;
				GCC_WARN_64_TO_32_BIT_CONVERSION = YES;
				GCC_WARN_ABOUT_RETURN_TYPE = YES_ERROR;
				GCC_WARN_UNDECLARED_SELECTOR = YES;
				GCC_WARN_UNINITIALIZED_AUTOS = YES_AGGRESSIVE;
				GCC_WARN_UNUSED_FUNCTION = YES;
				GCC_WARN_UNUSED_VARIABLE = YES;
				IPHONEOS_DEPLOYMENT_TARGET = 17.4;
				LOCALIZATION_PREFERS_STRING_CATALOGS = YES;
				MTL_ENABLE_DEBUG_INFO = NO;
				MTL_FAST_MATH = YES;
				SDKROOT = iphoneos;
				SWIFT_COMPILATION_MODE = wholemodule;
				VALIDATE_PRODUCT = YES;
			};
			name = Release;
		};
		B56EF9F42C7AE93100DF1959 /* Debug */ = {
			isa = XCBuildConfiguration;
			buildSettings = {
				ASSETCATALOG_COMPILER_APPICON_NAME = AppIcon;
				ASSETCATALOG_COMPILER_GLOBAL_ACCENT_COLOR_NAME = AccentColor;
				CODE_SIGN_STYLE = Automatic;
				CURRENT_PROJECT_VERSION = 1;
				DEVELOPMENT_ASSET_PATHS = "\"SwiftfulThinkingBootcamp/Preview Content\"";
				ENABLE_PREVIEWS = YES;
				GENERATE_INFOPLIST_FILE = YES;
				INFOPLIST_KEY_UIApplicationSceneManifest_Generation = YES;
				INFOPLIST_KEY_UIApplicationSupportsIndirectInputEvents = YES;
				INFOPLIST_KEY_UILaunchScreen_Generation = YES;
				INFOPLIST_KEY_UISupportedInterfaceOrientations = UIInterfaceOrientationPortrait;
				IPHONEOS_DEPLOYMENT_TARGET = 17.0;
				LD_RUNPATH_SEARCH_PATHS = (
					"$(inherited)",
					"@executable_path/Frameworks",
				);
				MARKETING_VERSION = 1.0;
				PRODUCT_BUNDLE_IDENTIFIER = jothebug.SwiftfulThinkingBootcamp;
				PRODUCT_NAME = "$(TARGET_NAME)";
				SUPPORTED_PLATFORMS = "iphoneos iphonesimulator";
				SUPPORTS_MACCATALYST = NO;
				SUPPORTS_MAC_DESIGNED_FOR_IPHONE_IPAD = NO;
				SUPPORTS_XR_DESIGNED_FOR_IPHONE_IPAD = NO;
				SWIFT_EMIT_LOC_STRINGS = YES;
				SWIFT_VERSION = 5.0;
				TARGETED_DEVICE_FAMILY = "1,2";
			};
			name = Debug;
		};
		B56EF9F52C7AE93100DF1959 /* Release */ = {
			isa = XCBuildConfiguration;
			buildSettings = {
				ASSETCATALOG_COMPILER_APPICON_NAME = AppIcon;
				ASSETCATALOG_COMPILER_GLOBAL_ACCENT_COLOR_NAME = AccentColor;
				CODE_SIGN_STYLE = Automatic;
				CURRENT_PROJECT_VERSION = 1;
				DEVELOPMENT_ASSET_PATHS = "\"SwiftfulThinkingBootcamp/Preview Content\"";
				ENABLE_PREVIEWS = YES;
				GENERATE_INFOPLIST_FILE = YES;
				INFOPLIST_KEY_UIApplicationSceneManifest_Generation = YES;
				INFOPLIST_KEY_UIApplicationSupportsIndirectInputEvents = YES;
				INFOPLIST_KEY_UILaunchScreen_Generation = YES;
				INFOPLIST_KEY_UISupportedInterfaceOrientations = UIInterfaceOrientationPortrait;
				IPHONEOS_DEPLOYMENT_TARGET = 17.0;
				LD_RUNPATH_SEARCH_PATHS = (
					"$(inherited)",
					"@executable_path/Frameworks",
				);
				MARKETING_VERSION = 1.0;
				PRODUCT_BUNDLE_IDENTIFIER = jothebug.SwiftfulThinkingBootcamp;
				PRODUCT_NAME = "$(TARGET_NAME)";
				SUPPORTED_PLATFORMS = "iphoneos iphonesimulator";
				SUPPORTS_MACCATALYST = NO;
				SUPPORTS_MAC_DESIGNED_FOR_IPHONE_IPAD = NO;
				SUPPORTS_XR_DESIGNED_FOR_IPHONE_IPAD = NO;
				SWIFT_EMIT_LOC_STRINGS = YES;
				SWIFT_VERSION = 5.0;
				TARGETED_DEVICE_FAMILY = "1,2";
			};
			name = Release;
		};
/* End XCBuildConfiguration section */

/* Begin XCConfigurationList section */
		B56EF9E02C7AE93000DF1959 /* Build configuration list for PBXProject "SwiftfulThinkingBootcamp" */ = {
			isa = XCConfigurationList;
			buildConfigurations = (
				B56EF9F12C7AE93100DF1959 /* Debug */,
				B56EF9F22C7AE93100DF1959 /* Release */,
			);
			defaultConfigurationIsVisible = 0;
			defaultConfigurationName = Release;
		};
		B56EF9F32C7AE93100DF1959 /* Build configuration list for PBXNativeTarget "SwiftfulThinkingBootcamp" */ = {
			isa = XCConfigurationList;
			buildConfigurations = (
				B56EF9F42C7AE93100DF1959 /* Debug */,
				B56EF9F52C7AE93100DF1959 /* Release */,
			);
			defaultConfigurationIsVisible = 0;
			defaultConfigurationName = Release;
		};
/* End XCConfigurationList section */
	};
	rootObject = B56EF9DD2C7AE93000DF1959 /* Project object */;
}
